{
  "version": 1,
  "dependencies": {
    "net10.0-windows10.0.17763": {
      "BouncyCastle.Cryptography": {
        "type": "Direct",
        "requested": "[2.6.2, )",
        "resolved": "2.6.2",
        "contentHash": "7oWOcvnntmMKNzDLsdxAYqApt+AjpRpP2CShjMfIa3umZ42UQMvH0tl1qAliYPNYO6vTdcGMqnRrCPmsfzTI1w=="
      },
      "CommunityToolkit.Mvvm": {
        "type": "Direct",
        "requested": "[8.4.0, )",
        "resolved": "8.4.0",
        "contentHash": "tqVU8yc/ADO9oiTRyTnwhFN68hCwvkliMierptWOudIAvWY1mWCh5VFh+guwHJmpMwfg0J0rY+yyd5Oy7ty9Uw=="
      },
      "Microsoft.Extensions.DependencyInjection": {
        "type": "Direct",
        "requested": "[9.0.6, )",
        "resolved": "9.0.6",
        "contentHash": "vS65HMo5RS10DD543fknsyVDxihMcVxVn3/hNaILgBxWYnOLxWIeCIO9X0QFuCvPRNjClvXe9Aj8KaQNx7vFkQ==",
        "dependencies": {
          "Microsoft.Extensions.DependencyInjection.Abstractions": "9.0.6"
        }
      },
      "Microsoft.Web.WebView2": {
        "type": "Direct",
        "requested": "[1.0.4078.44, )",
        "resolved": "1.0.4078.44",
        "contentHash": "TQkHa/aOHUqFHnJIJ/2ZmJ4nLcQJi0Pc0rj9BAs7SP5sT/KtVtb8jFp9uqQL6cKzCRSrwjS/wEPA43NWUOzU+A=="
      },
      "QRCoder": {
        "type": "Direct",
        "requested": "[1.5.1, )",
        "resolved": "1.5.1",
        "contentHash": "+v8VntytuDw4R1nCNJkSA7SWSizJoQfiByV1+nUjOwrDZEuaxefG73aKuuQjpaGtoZ7qlXpRbK70C23m1h3WLw=="
      },
      "System.IdentityModel.Tokens.Jwt": {
        "type": "Direct",
        "requested": "[8.6.0, )",
        "resolved": "8.6.0",
        "contentHash": "PbhxMaAejQ5pVStTsMPzja0Q2FOeEIOQy8isxw2tTxduqIjWRJ+P78bWGpaXH67Tkeb+2t91YBj2stXEw6vyZQ==",
        "dependencies": {
          "Microsoft.IdentityModel.JsonWebTokens": "8.6.0",
          "Microsoft.IdentityModel.Tokens": "8.6.0"
        }
      },
      "Microsoft.Extensions.DependencyInjection.Abstractions": {
        "type": "Transitive",
        "resolved": "9.0.6",
        "contentHash": "0Zn6nR/6g+90MxskZyOOMPQvnPnrrGu6bytPwkV+azDcTtCSuQ1+GJUrg8Klmnrjk1i6zMpw2lXijl+tw7Q3kA=="
      },
      "Microsoft.Extensions.Logging.Abstractions": {
        "type": "Transitive",
        "resolved": "8.0.2",
        "contentHash": "nroMDjS7hNBPtkZqVBbSiQaQjWRDxITI8Y7XnDs97rqG3EbzVTNLZQf7bIeUJcaHOV8bca47s1Uxq94+2oGdxA==",
        "dependencies": {
          "Microsoft.Extensions.DependencyInjection.Abstractions": "8.0.2"
        }
      },
      "Microsoft.IdentityModel.Abstractions": {
        "type": "Transitive",
        "resolved": "8.6.0",
        "contentHash": "ewgV0sc2B3tjes8+OCRGE08Uxsey3qFfOD8vNq2gTs9k0/zPZ0MejK7Cb/eAW2c2Oz+IQHqgZkTycrAKYBD5yw=="
      },
      "Microsoft.IdentityModel.JsonWebTokens": {
        "type": "Transitive",
        "resolved": "8.6.0",
        "contentHash": "g/CFN/OzAhJb9a94ep6/xv4b9fOUL8heFkKDwC/HNb17tUDOIPN5iVawisfZ0p1xjJlmVyYWIggnECqIfX8Rfw==",
        "dependencies": {
          "Microsoft.IdentityModel.Tokens": "8.6.0"
        }
      },
      "Microsoft.IdentityModel.Logging": {
        "type": "Transitive",
        "resolved": "8.6.0",
        "contentHash": "PqkPSoENwbGQenGQT270hZIt5p36Ta4YwDla4QId6LdqCeUDus63OChHBv+3AgujFVeBJlRrvmkN7H+Lug+u0g==",
        "dependencies": {
          "Microsoft.IdentityModel.Abstractions": "8.6.0"
        }
      },
      "Microsoft.IdentityModel.Tokens": {
        "type": "Transitive",
        "resolved": "8.6.0",
        "contentHash": "ga4ASKm8EezJ+Oj4uvTNE0xjIWy27Ix5pOZz737CnLzxv7ClFnelX+YWbFuiO1Qj2zVoIpsPqKJRGHGlpFF6eQ==",
        "dependencies": {
          "Microsoft.Extensions.Logging.Abstractions": "8.0.2",
          "Microsoft.IdentityModel.Logging": "8.6.0"
        }
      }
    }
  }
}
